
Microsoft Visual Studio Solution File, Format Version 12.00
# Visual Studio Version 18
VisualStudioVersion = 18.1.11312.151 d18.0
MinimumVisualStudioVersion = 10.0.40219.1
Project("{FAE04EC0-301F-11D3-BF4B-00C04F79EFBC}") = "Phaneritic.Implementations", "Phaneritic.Implementations.csproj", "{2487CF39-F7ED-430D-9EC5-6E53E2186BA1}"
EndProject
Project("{FAE04EC0-301F-11D3-BF4B-00C04F79EFBC}") = "Phaneritic.Interfaces", "..\Phaneritic.Interfaces\Phaneritic.Interfaces.csproj", "{C4C86884-3AC0-4D77-9916-E9F6D3AF00E7}"
EndProject
Project("{FAE04EC0-301F-11D3-BF4B-00C04F79EFBC}") = "Phaneritic.Generators", "..\Phaneritic.Generators\Phaneritic.Generators.csproj", "{77DE9B34-EE37-431B-ACEE-46D7345B2CDA}"
EndProject
Project("{FAE04EC0-301F-11D3-BF4B-00C04F79EFBC}") = "Phaneritic.Generators.Attributes", "..\Phaneritic.Generators.Attributes\Phaneritic.Generators.Attributes.csproj", "{EE231415-83BA-4B61-8FC1-4D567A2B1263}"
EndProject
Project("{FAE04EC0-301F-11D3-BF4B-00C04F79EFBC}") = "AspireApp.AppHost", "..\AspireApp\AspireApp.AppHost\AspireApp.AppHost.csproj", "{054EFAEB-304A-4ECE-A2C7-68879CC0C002}"
EndProject
Project("{FAE04EC0-301F-11D3-BF4B-00C04F79EFBC}") = "AspireApp.ServiceDefaults", "..\AspireApp\AspireApp.ServiceDefaults\AspireApp.ServiceDefaults.csproj", "{30D1B0EA-3D6A-12A8-881B-8F38BA294566}"
EndProject
Project("{FAE04EC0-301F-11D3-BF4B-00C04F79EFBC}") = "AspireApp.ApiService", "..\AspireApp\AspireApp.ApiService\AspireApp.ApiService.csproj", "{885CA9D4-20F8-8E5D-3A20-B2A1A85147FB}"
EndProject
Project("{FAE04EC0-301F-11D3-BF4B-00C04F79EFBC}") = "AspireApp.Web", "..\AspireApp\AspireApp.Web\AspireApp.Web.csproj", "{CDA58B89-116B-FA68-64B7-D948B26EB9DB}"
EndProject
Global
	GlobalSection(SolutionConfigurationPlatforms) = preSolution
		Debug|Any CPU = Debug|Any CPU
		Release|Any CPU = Release|Any CPU
	EndGlobalSection
	GlobalSection(ProjectConfigurationPlatforms) = postSolution
		{2487CF39-F7ED-430D-9EC5-6E53E2186BA1}.Debug|Any CPU.ActiveCfg = Debug|Any CPU
		{2487CF39-F7ED-430D-9EC5-6E53E2186BA1}.Debug|Any CPU.Build.0 = Debug|Any CPU
		{2487CF39-F7ED-430D-9EC5-6E53E2186BA1}.Release|Any CPU.ActiveCfg = Release|Any CPU
		{2487CF39-F7ED-430D-9EC5-6E53E2186BA1}.Release|Any CPU.Build.0 = Release|Any CPU
		{C4C86884-3AC0-4D77-9916-E9F6D3AF00E7}.Debug|Any CPU.ActiveCfg = Debug|Any CPU
		{C4C86884-3AC0-4D77-9916-E9F6D3AF00E7}.Debug|Any CPU.Build.0 = Debug|Any CPU
		{C4C86884-3AC0-4D77-9916-E9F6D3AF00E7}.Release|Any CPU.ActiveCfg = Release|Any CPU
		{C4C86884-3AC0-4D77-9916-E9F6D3AF00E7}.Release|Any CPU.Build.0 = Release|Any CPU
		{77DE9B34-EE37-431B-ACEE-46D7345B2CDA}.Debug|Any CPU.ActiveCfg = Debug|Any CPU
		{77DE9B34-EE37-431B-ACEE-46D7345B2CDA}.Debug|Any CPU.Build.0 = Debug|Any CPU
		{77DE9B34-EE37-431B-ACEE-46D7345B2CDA}.Release|Any CPU.ActiveCfg = Release|Any CPU
		{77DE9B34-EE37-431B-ACEE-46D7345B2CDA}.Release|Any CPU.Build.0 = Release|Any CPU
		{EE231415-83BA-4B61-8FC1-4D567A2B1263}.Debug|Any CPU.ActiveCfg = Debug|Any CPU
		{EE231415-83BA-4B61-8FC1-4D567A2B1263}.Debug|Any CPU.Build.0 = Debug|Any CPU
		{EE231415-83BA-4B61-8FC1-4D567A2B1263}.Release|Any CPU.ActiveCfg = Release|Any CPU
		{EE231415-83BA-4B61-8FC1-4D567A2B1263}.Release|Any CPU.Build.0 = Release|Any CPU
		{054EFAEB-304A-4ECE-A2C7-68879CC0C002}.Debug|Any CPU.ActiveCfg = Debug|Any CPU
		{054EFAEB-304A-4ECE-A2C7-68879CC0C002}.Debug|Any CPU.Build.0 = Debug|Any CPU
		{054EFAEB-304A-4ECE-A2C7-68879CC0C002}.Release|Any CPU.ActiveCfg = Release|Any CPU
		{054EFAEB-304A-4ECE-A2C7-68879CC0C002}.Release|Any CPU.Build.0 = Release|Any CPU
		{30D1B0EA-3D6A-12A8-881B-8F38BA294566}.Debug|Any CPU.ActiveCfg = Debug|Any CPU
		{30D1B0EA-3D6A-12A8-881B-8F38BA294566}.Debug|Any CPU.Build.0 = Debug|Any CPU
		{30D1B0EA-3D6A-12A8-881B-8F38BA294566}.Release|Any CPU.ActiveCfg = Release|Any CPU
		{30D1B0EA-3D6A-12A8-881B-8F38BA294566}.Release|Any CPU.Build.0 = Release|Any CPU
		{885CA9D4-20F8-8E5D-3A20-B2A1A85147FB}.Debug|Any CPU.ActiveCfg = Debug|Any CPU
		{885CA9D4-20F8-8E5D-3A20-B2A1A85147FB}.Debug|Any CPU.Build.0 = Debug|Any CPU
		{885CA9D4-20F8-8E5D-3A20-B2A1A85147FB}.Release|Any CPU.ActiveCfg = Release|Any CPU
		{885CA9D4-20F8-8E5D-3A20-B2A1A85147FB}.Release|Any CPU.Build.0 = Release|Any CPU
		{CDA58B89-116B-FA68-64B7-D948B26EB9DB}.Debug|Any CPU.ActiveCfg = Debug|Any CPU
		{CDA58B89-116B-FA68-64B7-D948B26EB9DB}.Debug|Any CPU.Build.0 = Debug|Any CPU
		{CDA58B89-116B-FA68-64B7-D948B26EB9DB}.Release|Any CPU.ActiveCfg = Release|Any CPU
		{CDA58B89-116B-FA68-64B7-D948B26EB9DB}.Release|Any CPU.Build.0 = Release|Any CPU
	EndGlobalSection
	GlobalSection(SolutionProperties) = preSolution
		HideSolutionNode = FALSE
	EndGlobalSection
	GlobalSection(ExtensibilityGlobals) = postSolution
		SolutionGuid = {D7D76CDB-044A-4939-A6E2-06F7534B830F}
	EndGlobalSection
EndGlobal
